
Microsoft Visual Studio Solution File, Format Version 12.00
# Visual Studio 15
VisualStudioVersion = 15.0.26124.0
MinimumVisualStudioVersion = 15.0.26124.0
Project("{2150E333-8FDC-42A3-9474-1A3956D46DE8}") = "src", "src", "{1DF2E7C9-46AF-4982-9A0E-E6741721D1AA}"
EndProject
Project("{FAE04EC0-301F-11D3-BF4B-00C04F79EFBC}") = "Echo.Api", "src\Echo.Api\Echo.Api.csproj", "{0D620204-82F6-40C2-83D2-285C89235E87}"
EndProject
Project("{2150E333-8FDC-42A3-9474-1A3956D46DE8}") = "test", "test", "{D68DEA28-1EF5-4D59-985B-EFAC69054C18}"
EndProject
Project("{FAE04EC0-301F-11D3-BF4B-00C04F79EFBC}") = "Echo.Api.Test", "test\Echo.Api.Test\Echo.Api.Test.csproj", "{CCB23C54-D240-4A61-BE97-93CF38A1271B}"
EndProject
Global
	GlobalSection(SolutionConfigurationPlatforms) = preSolution
		Debug|Any CPU = Debug|Any CPU
		Debug|x64 = Debug|x64
		Debug|x86 = Debug|x86
		Release|Any CPU = Release|Any CPU
		Release|x64 = Release|x64
		Release|x86 = Release|x86
	EndGlobalSection
	GlobalSection(SolutionProperties) = preSolution
		HideSolutionNode = FALSE
	EndGlobalSection
	GlobalSection(ProjectConfigurationPlatforms) = postSolution
		{0D620204-82F6-40C2-83D2-285C89235E87}.Debug|Any CPU.ActiveCfg = Debug|Any CPU
		{0D620204-82F6-40C2-83D2-285C89235E87}.Debug|Any CPU.Build.0 = Debug|Any CPU
		{0D620204-82F6-40C2-83D2-285C89235E87}.Debug|x64.ActiveCfg = Debug|Any CPU
		{0D620204-82F6-40C2-83D2-285C89235E87}.Debug|x64.Build.0 = Debug|Any CPU
		{0D620204-82F6-40C2-83D2-285C89235E87}.Debug|x86.ActiveCfg = Debug|Any CPU
		{0D620204-82F6-40C2-83D2-285C89235E87}.Debug|x86.Build.0 = Debug|Any CPU
		{0D620204-82F6-40C2-83D2-285C89235E87}.Release|Any CPU.ActiveCfg = Release|Any CPU
		{0D620204-82F6-40C2-83D2-285C89235E87}.Release|Any CPU.Build.0 = Release|Any CPU
		{0D620204-82F6-40C2-83D2-285C89235E87}.Release|x64.ActiveCfg = Release|Any CPU
		{0D620204-82F6-40C2-83D2-285C89235E87}.Release|x64.Build.0 = Release|Any CPU
		{0D620204-82F6-40C2-83D2-285C89235E87}.Release|x86.ActiveCfg = Release|Any CPU
		{0D620204-82F6-40C2-83D2-285C89235E87}.Release|x86.Build.0 = Release|Any CPU
		{CCB23C54-D240-4A61-BE97-93CF38A1271B}.Debug|Any CPU.ActiveCfg = Debug|Any CPU
		{CCB23C54-D240-4A61-BE97-93CF38A1271B}.Debug|Any CPU.Build.0 = Debug|Any CPU
		{CCB23C54-D240-4A61-BE97-93CF38A1271B}.Debug|x64.ActiveCfg = Debug|Any CPU
		{CCB23C54-D240-4A61-BE97-93CF38A1271B}.Debug|x64.Build.0 = Debug|Any CPU
		{CCB23C54-D240-4A61-BE97-93CF38A1271B}.Debug|x86.ActiveCfg = Debug|Any CPU
		{CCB23C54-D240-4A61-BE97-93CF38A1271B}.Debug|x86.Build.0 = Debug|Any CPU
		{CCB23C54-D240-4A61-BE97-93CF38A1271B}.Release|Any CPU.ActiveCfg = Release|Any CPU
		{CCB23C54-D240-4A61-BE97-93CF38A1271B}.Release|Any CPU.Build.0 = Release|Any CPU
		{CCB23C54-D240-4A61-BE97-93CF38A1271B}.Release|x64.ActiveCfg = Release|Any CPU
		{CCB23C54-D240-4A61-BE97-93CF38A1271B}.Release|x64.Build.0 = Release|Any CPU
		{CCB23C54-D240-4A61-BE97-93CF38A1271B}.Release|x86.ActiveCfg = Release|Any CPU
		{CCB23C54-D240-4A61-BE97-93CF38A1271B}.Release|x86.Build.0 = Release|Any CPU
	EndGlobalSection
	GlobalSection(NestedProjects) = preSolution
		{0D620204-82F6-40C2-83D2-285C89235E87} = {1DF2E7C9-46AF-4982-9A0E-E6741721D1AA}
		{CCB23C54-D240-4A61-BE97-93CF38A1271B} = {D68DEA28-1EF5-4D59-985B-EFAC69054C18}
	EndGlobalSection
EndGlobal
